
Microsoft Visual Studio Solution File, Format Version 12.00
# Visual Studio Version 17
VisualStudioVersion = 17.7.34031.279
MinimumVisualStudioVersion = 10.0.40219.1
Project("{FAE04EC0-301F-11D3-BF4B-00C04F79EFBC}") = "21. Static Attribute", "21. Static Attribute.csproj", "{10D479FD-E789-460E-9123-EEE9C9493472}"
EndProject
Global
	GlobalSection(SolutionConfigurationPlatforms) = preSolution
		Debug|Any CPU = Debug|Any CPU
		Release|Any CPU = Release|Any CPU
	EndGlobalSection
	GlobalSection(ProjectConfigurationPlatforms) = postSolution
		{10D479FD-E789-460E-9123-EEE9C9493472}.Debug|Any CPU.ActiveCfg = Debug|Any CPU
		{10D479FD-E789-460E-9123-EEE9C9493472}.Debug|Any CPU.Build.0 = Debug|Any CPU
		{10D479FD-E789-460E-9123-EEE9C9493472}.Release|Any CPU.ActiveCfg = Release|Any CPU
		{10D479FD-E789-460E-9123-EEE9C9493472}.Release|Any CPU.Build.0 = Release|Any CPU
	EndGlobalSection
	GlobalSection(SolutionProperties) = preSolution
		HideSolutionNode = FALSE
	EndGlobalSection
	GlobalSection(ExtensibilityGlobals) = postSolution
		SolutionGuid = {A3FA58E7-E48C-4A9C-9E79-6D5D0726032D}
	EndGlobalSection
EndGlobal
